
Microsoft Visual Studio Solution File, Format Version 12.00
# Visual Studio Version 17
VisualStudioVersion = 17.6.33815.320
MinimumVisualStudioVersion = 10.0.40219.1
Project("{FAE04EC0-301F-11D3-BF4B-00C04F79EFBC}") = "ejemplo1", "ejemplo1\ejemplo1.csproj", "{DB653831-91B4-4CBA-997E-537EE16771BF}"
EndProject
Project("{FAE04EC0-301F-11D3-BF4B-00C04F79EFBC}") = "ejemplosADO-NET", "ejemplosADO-NET\ejemplosADO-NET.csproj", "{3DFDED64-FB22-444C-B848-D2B50540427D}"
EndProject
Global
	GlobalSection(SolutionConfigurationPlatforms) = preSolution
		Debug|Any CPU = Debug|Any CPU
		Release|Any CPU = Release|Any CPU
	EndGlobalSection
	GlobalSection(ProjectConfigurationPlatforms) = postSolution
		{DB653831-91B4-4CBA-997E-537EE16771BF}.Debug|Any CPU.ActiveCfg = Debug|Any CPU
		{DB653831-91B4-4CBA-997E-537EE16771BF}.Debug|Any CPU.Build.0 = Debug|Any CPU
		{DB653831-91B4-4CBA-997E-537EE16771BF}.Release|Any CPU.ActiveCfg = Release|Any CPU
		{DB653831-91B4-4CBA-997E-537EE16771BF}.Release|Any CPU.Build.0 = Release|Any CPU
		{3DFDED64-FB22-444C-B848-D2B50540427D}.Debug|Any CPU.ActiveCfg = Debug|Any CPU
		{3DFDED64-FB22-444C-B848-D2B50540427D}.Debug|Any CPU.Build.0 = Debug|Any CPU
		{3DFDED64-FB22-444C-B848-D2B50540427D}.Release|Any CPU.ActiveCfg = Release|Any CPU
		{3DFDED64-FB22-444C-B848-D2B50540427D}.Release|Any CPU.Build.0 = Release|Any CPU
	EndGlobalSection
	GlobalSection(SolutionProperties) = preSolution
		HideSolutionNode = FALSE
	EndGlobalSection
	GlobalSection(ExtensibilityGlobals) = postSolution
		SolutionGuid = {808DCF05-FAA6-490B-8532-E05893311A11}
	EndGlobalSection
EndGlobal
