
Microsoft Visual Studio Solution File, Format Version 12.00
# Visual Studio Version 17
VisualStudioVersion = 17.6.33717.318
MinimumVisualStudioVersion = 10.0.40219.1
Project("{FAE04EC0-301F-11D3-BF4B-00C04F79EFBC}") = "ejemplo1", "ejemplo1\ejemplo1.csproj", "{87E91C8A-7F4F-4026-AD17-8B83FF5E134B}"
EndProject
Global
	GlobalSection(SolutionConfigurationPlatforms) = preSolution
		Debug|Any CPU = Debug|Any CPU
		Release|Any CPU = Release|Any CPU
	EndGlobalSection
	GlobalSection(ProjectConfigurationPlatforms) = postSolution
		{87E91C8A-7F4F-4026-AD17-8B83FF5E134B}.Debug|Any CPU.ActiveCfg = Debug|Any CPU
		{87E91C8A-7F4F-4026-AD17-8B83FF5E134B}.Debug|Any CPU.Build.0 = Debug|Any CPU
		{87E91C8A-7F4F-4026-AD17-8B83FF5E134B}.Release|Any CPU.ActiveCfg = Release|Any CPU
		{87E91C8A-7F4F-4026-AD17-8B83FF5E134B}.Release|Any CPU.Build.0 = Release|Any CPU
	EndGlobalSection
	GlobalSection(SolutionProperties) = preSolution
		HideSolutionNode = FALSE
	EndGlobalSection
	GlobalSection(ExtensibilityGlobals) = postSolution
		SolutionGuid = {91DDB885-5E2C-4D43-A6E6-294750B6671F}
	EndGlobalSection
EndGlobal
