
Microsoft Visual Studio Solution File, Format Version 12.00
# Visual Studio Version 17
VisualStudioVersion = 17.6.33717.318
MinimumVisualStudioVersion = 10.0.40219.1
Project("{FAE04EC0-301F-11D3-BF4B-00C04F79EFBC}") = "Ejemplo1", "Ejemplo1\Ejemplo1.csproj", "{40EEA4F8-DF4F-41FB-8ACB-B15769C44C7D}"
EndProject
Project("{FAE04EC0-301F-11D3-BF4B-00C04F79EFBC}") = "ejemplo2", "ejemplo2\ejemplo2.csproj", "{8A91F7D0-CBAB-4664-83EB-1A3A1CDC42E6}"
EndProject
Global
	GlobalSection(SolutionConfigurationPlatforms) = preSolution
		Debug|Any CPU = Debug|Any CPU
		Release|Any CPU = Release|Any CPU
	EndGlobalSection
	GlobalSection(ProjectConfigurationPlatforms) = postSolution
		{40EEA4F8-DF4F-41FB-8ACB-B15769C44C7D}.Debug|Any CPU.ActiveCfg = Debug|Any CPU
		{40EEA4F8-DF4F-41FB-8ACB-B15769C44C7D}.Debug|Any CPU.Build.0 = Debug|Any CPU
		{40EEA4F8-DF4F-41FB-8ACB-B15769C44C7D}.Release|Any CPU.ActiveCfg = Release|Any CPU
		{40EEA4F8-DF4F-41FB-8ACB-B15769C44C7D}.Release|Any CPU.Build.0 = Release|Any CPU
		{8A91F7D0-CBAB-4664-83EB-1A3A1CDC42E6}.Debug|Any CPU.ActiveCfg = Debug|Any CPU
		{8A91F7D0-CBAB-4664-83EB-1A3A1CDC42E6}.Debug|Any CPU.Build.0 = Debug|Any CPU
		{8A91F7D0-CBAB-4664-83EB-1A3A1CDC42E6}.Release|Any CPU.ActiveCfg = Release|Any CPU
		{8A91F7D0-CBAB-4664-83EB-1A3A1CDC42E6}.Release|Any CPU.Build.0 = Release|Any CPU
	EndGlobalSection
	GlobalSection(SolutionProperties) = preSolution
		HideSolutionNode = FALSE
	EndGlobalSection
	GlobalSection(ExtensibilityGlobals) = postSolution
		SolutionGuid = {324B8ACD-C5BD-4DAF-8F08-CB218781977A}
	EndGlobalSection
EndGlobal
